
Microsoft Visual Studio Solution File, Format Version 12.00
# Visual Studio Version 17
VisualStudioVersion = 17.4.33110.190
MinimumVisualStudioVersion = 10.0.40219.1
Project("{FAE04EC0-301F-11D3-BF4B-00C04F79EFBC}") = "autohaus", "autohaus\autohaus.csproj", "{8B7BFE1B-FC81-48E3-8C6C-CEE97B19EDC7}"
EndProject
Global
	GlobalSection(SolutionConfigurationPlatforms) = preSolution
		Debug|Any CPU = Debug|Any CPU
		Release|Any CPU = Release|Any CPU
	EndGlobalSection
	GlobalSection(ProjectConfigurationPlatforms) = postSolution
		{8B7BFE1B-FC81-48E3-8C6C-CEE97B19EDC7}.Debug|Any CPU.ActiveCfg = Debug|Any CPU
		{8B7BFE1B-FC81-48E3-8C6C-CEE97B19EDC7}.Debug|Any CPU.Build.0 = Debug|Any CPU
		{8B7BFE1B-FC81-48E3-8C6C-CEE97B19EDC7}.Release|Any CPU.ActiveCfg = Release|Any CPU
		{8B7BFE1B-FC81-48E3-8C6C-CEE97B19EDC7}.Release|Any CPU.Build.0 = Release|Any CPU
	EndGlobalSection
	GlobalSection(SolutionProperties) = preSolution
		HideSolutionNode = FALSE
	EndGlobalSection
	GlobalSection(ExtensibilityGlobals) = postSolution
		SolutionGuid = {8FB28385-FD53-4687-9873-F01A6E7D13A0}
	EndGlobalSection
EndGlobal
